
Microsoft Visual Studio Solution File, Format Version 12.00
Project("{FAE04EC0-301F-11D3-BF4B-00C04F79EFBC}") = "MessengerWPF", "MessengerWPF\MessengerWPF.csproj", "{0E23CE6D-5EAB-4439-86B5-D8AC6BB80CA3}"
EndProject
Global
	GlobalSection(SolutionConfigurationPlatforms) = preSolution
		Debug|Any CPU = Debug|Any CPU
		Release|Any CPU = Release|Any CPU
	EndGlobalSection
	GlobalSection(ProjectConfigurationPlatforms) = postSolution
		{0E23CE6D-5EAB-4439-86B5-D8AC6BB80CA3}.Debug|Any CPU.ActiveCfg = Debug|Any CPU
		{0E23CE6D-5EAB-4439-86B5-D8AC6BB80CA3}.Debug|Any CPU.Build.0 = Debug|Any CPU
		{0E23CE6D-5EAB-4439-86B5-D8AC6BB80CA3}.Release|Any CPU.ActiveCfg = Release|Any CPU
		{0E23CE6D-5EAB-4439-86B5-D8AC6BB80CA3}.Release|Any CPU.Build.0 = Release|Any CPU
	EndGlobalSection
EndGlobal
